
Microsoft Visual Studio Solution File, Format Version 11.00
# Visual Studio 2010
Project("{FAE04EC0-301F-11D3-BF4B-00C04F79EFBC}") = "FaceDetection", "FaceDetection\FaceDetection.csproj", "{2CE58521-A3B2-4F4D-B002-B6DA30B9482F}"
EndProject
Global
	GlobalSection(SolutionConfigurationPlatforms) = preSolution
		Debug|Any CPU = Debug|Any CPU
		Debug|x64 = Debug|x64
		Debug|x86 = Debug|x86
		Release|Any CPU = Release|Any CPU
		Release|x64 = Release|x64
		Release|x86 = Release|x86
	EndGlobalSection
	GlobalSection(ProjectConfigurationPlatforms) = postSolution
		{2CE58521-A3B2-4F4D-B002-B6DA30B9482F}.Debug|Any CPU.ActiveCfg = Debug|Any CPU
		{2CE58521-A3B2-4F4D-B002-B6DA30B9482F}.Debug|Any CPU.Build.0 = Debug|Any CPU
		{2CE58521-A3B2-4F4D-B002-B6DA30B9482F}.Debug|x64.ActiveCfg = Debug|x64
		{2CE58521-A3B2-4F4D-B002-B6DA30B9482F}.Debug|x64.Build.0 = Debug|x64
		{2CE58521-A3B2-4F4D-B002-B6DA30B9482F}.Debug|x86.ActiveCfg = Debug|x86
		{2CE58521-A3B2-4F4D-B002-B6DA30B9482F}.Debug|x86.Build.0 = Debug|x86
		{2CE58521-A3B2-4F4D-B002-B6DA30B9482F}.Release|Any CPU.ActiveCfg = Release|Any CPU
		{2CE58521-A3B2-4F4D-B002-B6DA30B9482F}.Release|Any CPU.Build.0 = Release|Any CPU
		{2CE58521-A3B2-4F4D-B002-B6DA30B9482F}.Release|x64.ActiveCfg = Release|x64
		{2CE58521-A3B2-4F4D-B002-B6DA30B9482F}.Release|x64.Build.0 = Release|x64
		{2CE58521-A3B2-4F4D-B002-B6DA30B9482F}.Release|x86.ActiveCfg = Release|x86
		{2CE58521-A3B2-4F4D-B002-B6DA30B9482F}.Release|x86.Build.0 = Release|x86
	EndGlobalSection
	GlobalSection(SolutionProperties) = preSolution
		HideSolutionNode = FALSE
	EndGlobalSection
EndGlobal
